
Microsoft Visual Studio Solution File, Format Version 12.00
# Visual Studio Version 16
VisualStudioVersion = 16.0.34031.81
MinimumVisualStudioVersion = 10.0.40219.1
Project("{2150E333-8FDC-42A3-9474-1A3956D46DE8}") = "Task0", "Task0", "{D4B05B0D-9466-4568-921A-4027E44CFDE8}"
EndProject
Project("{FAE04EC0-301F-11D3-BF4B-00C04F79EFBC}") = "Tyuiu.AndreevVY.Sprint3.Task0.V16", "Tyuiu.AndreevVY.Sprint3.Task0.V16\Tyuiu.AndreevVY.Sprint3.Task0.V16.csproj", "{61C67F86-C5EB-4DD8-B9C1-80CF281F1A3A}"
EndProject
Project("{FAE04EC0-301F-11D3-BF4B-00C04F79EFBC}") = "Tyuiu.AndreevVY.Sprint3.Task0.V16.Lib", "Tyuiu.AndreevVY.Sprint3.Task0.V16.Lib\Tyuiu.AndreevVY.Sprint3.Task0.V16.Lib.csproj", "{ABE7B26D-E8BE-468B-9FAA-8AD887F348A4}"
EndProject
Project("{FAE04EC0-301F-11D3-BF4B-00C04F79EFBC}") = "Tyuiu.AndreevVY.Sprint3.Task0.V16.Test", "Tyuiu.AndreevVY.Sprint3.Task0.V16.Test\Tyuiu.AndreevVY.Sprint3.Task0.V16.Test.csproj", "{44211F84-09E9-4576-9AC1-D4239F65E7D0}"
EndProject
Project("{2150E333-8FDC-42A3-9474-1A3956D46DE8}") = "Task1", "Task1", "{073D5C09-9FF3-4D35-B9A9-DDD50E23593F}"
EndProject
Project("{FAE04EC0-301F-11D3-BF4B-00C04F79EFBC}") = "Tyuiu.AndreevVY.Sprint3.Task1.V2", "Tyuiu.AndreevVY.Sprint3.Task1.V2\Tyuiu.AndreevVY.Sprint3.Task1.V2.csproj", "{DFCC304D-073E-444E-BA81-F41D20E25EE2}"
EndProject
Project("{FAE04EC0-301F-11D3-BF4B-00C04F79EFBC}") = "Tyuiu.AndreevVY.Sprint3.Task1.V2.Lib", "Tyuiu.AndreevVY.Sprint3.Task1.V2.Lib\Tyuiu.AndreevVY.Sprint3.Task1.V2.Lib.csproj", "{59DD24D1-3451-42DA-821F-F7CB4FF78F7B}"
EndProject
Project("{FAE04EC0-301F-11D3-BF4B-00C04F79EFBC}") = "Tyuiu.AndreevVY.Sprint3.Task1.V2.Test", "Tyuiu.AndreevVY.Sprint3.Task1.V2.Test\Tyuiu.AndreevVY.Sprint3.Task1.V2.Test.csproj", "{4741A138-1A76-4C2E-9931-B6CA1FF9013C}"
EndProject
Global
	GlobalSection(SolutionConfigurationPlatforms) = preSolution
		Debug|Any CPU = Debug|Any CPU
		Release|Any CPU = Release|Any CPU
	EndGlobalSection
	GlobalSection(ProjectConfigurationPlatforms) = postSolution
		{61C67F86-C5EB-4DD8-B9C1-80CF281F1A3A}.Debug|Any CPU.ActiveCfg = Debug|Any CPU
		{61C67F86-C5EB-4DD8-B9C1-80CF281F1A3A}.Debug|Any CPU.Build.0 = Debug|Any CPU
		{61C67F86-C5EB-4DD8-B9C1-80CF281F1A3A}.Release|Any CPU.ActiveCfg = Release|Any CPU
		{61C67F86-C5EB-4DD8-B9C1-80CF281F1A3A}.Release|Any CPU.Build.0 = Release|Any CPU
		{ABE7B26D-E8BE-468B-9FAA-8AD887F348A4}.Debug|Any CPU.ActiveCfg = Debug|Any CPU
		{ABE7B26D-E8BE-468B-9FAA-8AD887F348A4}.Debug|Any CPU.Build.0 = Debug|Any CPU
		{ABE7B26D-E8BE-468B-9FAA-8AD887F348A4}.Release|Any CPU.ActiveCfg = Release|Any CPU
		{ABE7B26D-E8BE-468B-9FAA-8AD887F348A4}.Release|Any CPU.Build.0 = Release|Any CPU
		{44211F84-09E9-4576-9AC1-D4239F65E7D0}.Debug|Any CPU.ActiveCfg = Debug|Any CPU
		{44211F84-09E9-4576-9AC1-D4239F65E7D0}.Debug|Any CPU.Build.0 = Debug|Any CPU
		{44211F84-09E9-4576-9AC1-D4239F65E7D0}.Release|Any CPU.ActiveCfg = Release|Any CPU
		{44211F84-09E9-4576-9AC1-D4239F65E7D0}.Release|Any CPU.Build.0 = Release|Any CPU
		{DFCC304D-073E-444E-BA81-F41D20E25EE2}.Debug|Any CPU.ActiveCfg = Debug|Any CPU
		{DFCC304D-073E-444E-BA81-F41D20E25EE2}.Debug|Any CPU.Build.0 = Debug|Any CPU
		{DFCC304D-073E-444E-BA81-F41D20E25EE2}.Release|Any CPU.ActiveCfg = Release|Any CPU
		{DFCC304D-073E-444E-BA81-F41D20E25EE2}.Release|Any CPU.Build.0 = Release|Any CPU
		{59DD24D1-3451-42DA-821F-F7CB4FF78F7B}.Debug|Any CPU.ActiveCfg = Debug|Any CPU
		{59DD24D1-3451-42DA-821F-F7CB4FF78F7B}.Debug|Any CPU.Build.0 = Debug|Any CPU
		{59DD24D1-3451-42DA-821F-F7CB4FF78F7B}.Release|Any CPU.ActiveCfg = Release|Any CPU
		{59DD24D1-3451-42DA-821F-F7CB4FF78F7B}.Release|Any CPU.Build.0 = Release|Any CPU
		{4741A138-1A76-4C2E-9931-B6CA1FF9013C}.Debug|Any CPU.ActiveCfg = Debug|Any CPU
		{4741A138-1A76-4C2E-9931-B6CA1FF9013C}.Debug|Any CPU.Build.0 = Debug|Any CPU
		{4741A138-1A76-4C2E-9931-B6CA1FF9013C}.Release|Any CPU.ActiveCfg = Release|Any CPU
		{4741A138-1A76-4C2E-9931-B6CA1FF9013C}.Release|Any CPU.Build.0 = Release|Any CPU
	EndGlobalSection
	GlobalSection(SolutionProperties) = preSolution
		HideSolutionNode = FALSE
	EndGlobalSection
	GlobalSection(NestedProjects) = preSolution
		{61C67F86-C5EB-4DD8-B9C1-80CF281F1A3A} = {D4B05B0D-9466-4568-921A-4027E44CFDE8}
		{ABE7B26D-E8BE-468B-9FAA-8AD887F348A4} = {D4B05B0D-9466-4568-921A-4027E44CFDE8}
		{44211F84-09E9-4576-9AC1-D4239F65E7D0} = {D4B05B0D-9466-4568-921A-4027E44CFDE8}
		{DFCC304D-073E-444E-BA81-F41D20E25EE2} = {073D5C09-9FF3-4D35-B9A9-DDD50E23593F}
		{59DD24D1-3451-42DA-821F-F7CB4FF78F7B} = {073D5C09-9FF3-4D35-B9A9-DDD50E23593F}
		{4741A138-1A76-4C2E-9931-B6CA1FF9013C} = {073D5C09-9FF3-4D35-B9A9-DDD50E23593F}
	EndGlobalSection
	GlobalSection(ExtensibilityGlobals) = postSolution
		SolutionGuid = {D65D386F-9B1C-4C3D-8330-A3A579065E1B}
	EndGlobalSection
EndGlobal
