
Microsoft Visual Studio Solution File, Format Version 12.00
# Visual Studio Version 16
VisualStudioVersion = 16.0.34031.81
MinimumVisualStudioVersion = 10.0.40219.1
Project("{2150E333-8FDC-42A3-9474-1A3956D46DE8}") = "Task0", "Task0", "{D4B05B0D-9466-4568-921A-4027E44CFDE8}"
EndProject
Project("{FAE04EC0-301F-11D3-BF4B-00C04F79EFBC}") = "Tyuiu.AndreevVY.Sprint3.Task0.V16", "Tyuiu.AndreevVY.Sprint3.Task0.V16\Tyuiu.AndreevVY.Sprint3.Task0.V16.csproj", "{61C67F86-C5EB-4DD8-B9C1-80CF281F1A3A}"
EndProject
Project("{FAE04EC0-301F-11D3-BF4B-00C04F79EFBC}") = "Tyuiu.AndreevVY.Sprint3.Task0.V16.Lib", "Tyuiu.AndreevVY.Sprint3.Task0.V16.Lib\Tyuiu.AndreevVY.Sprint3.Task0.V16.Lib.csproj", "{ABE7B26D-E8BE-468B-9FAA-8AD887F348A4}"
EndProject
Project("{FAE04EC0-301F-11D3-BF4B-00C04F79EFBC}") = "Tyuiu.AndreevVY.Sprint3.Task0.V16.Test", "Tyuiu.AndreevVY.Sprint3.Task0.V16.Test\Tyuiu.AndreevVY.Sprint3.Task0.V16.Test.csproj", "{44211F84-09E9-4576-9AC1-D4239F65E7D0}"
EndProject
Project("{2150E333-8FDC-42A3-9474-1A3956D46DE8}") = "Task1", "Task1", "{073D5C09-9FF3-4D35-B9A9-DDD50E23593F}"
EndProject
Project("{FAE04EC0-301F-11D3-BF4B-00C04F79EFBC}") = "Tyuiu.AndreevVY.Sprint3.Task1.V2", "Tyuiu.AndreevVY.Sprint3.Task1.V2\Tyuiu.AndreevVY.Sprint3.Task1.V2.csproj", "{DFCC304D-073E-444E-BA81-F41D20E25EE2}"
EndProject
Project("{FAE04EC0-301F-11D3-BF4B-00C04F79EFBC}") = "Tyuiu.AndreevVY.Sprint3.Task1.V2.Lib", "Tyuiu.AndreevVY.Sprint3.Task1.V2.Lib\Tyuiu.AndreevVY.Sprint3.Task1.V2.Lib.csproj", "{59DD24D1-3451-42DA-821F-F7CB4FF78F7B}"
EndProject
Project("{FAE04EC0-301F-11D3-BF4B-00C04F79EFBC}") = "Tyuiu.AndreevVY.Sprint3.Task1.V2.Test", "Tyuiu.AndreevVY.Sprint3.Task1.V2.Test\Tyuiu.AndreevVY.Sprint3.Task1.V2.Test.csproj", "{4741A138-1A76-4C2E-9931-B6CA1FF9013C}"
EndProject
Project("{2150E333-8FDC-42A3-9474-1A3956D46DE8}") = "Task2", "Task2", "{26913574-C287-4DB1-B4E8-2F0A677039EE}"
EndProject
Project("{FAE04EC0-301F-11D3-BF4B-00C04F79EFBC}") = "Tyuiu.AndreevVY.Sprint3.Task2.V28", "Tyuiu.AndreevVY.Sprint3.Task2.V28\Tyuiu.AndreevVY.Sprint3.Task2.V28.csproj", "{51685F8B-EB3F-4111-AB81-0EB099336CEE}"
EndProject
Project("{FAE04EC0-301F-11D3-BF4B-00C04F79EFBC}") = "Tyuiu.AndreevVY.Sprint3.Task2.V28.Lib", "Tyuiu.AndreevVY.Sprint3.Task2.V28.Lib\Tyuiu.AndreevVY.Sprint3.Task2.V28.Lib.csproj", "{73C7088E-B22A-465A-BD2F-A1EBB9769EC1}"
EndProject
Project("{FAE04EC0-301F-11D3-BF4B-00C04F79EFBC}") = "Tyuiu.AndreevVY.Sprint3.Task2.V28.Test", "Tyuiu.AndreevVY.Sprint3.Task2.V28.Test\Tyuiu.AndreevVY.Sprint3.Task2.V28.Test.csproj", "{1E2D7B6D-352A-4127-B1B6-5A31C513AD1B}"
EndProject
Project("{2150E333-8FDC-42A3-9474-1A3956D46DE8}") = "Task3", "Task3", "{F06441C7-C621-43F7-B9EB-2ECA7EE7F554}"
EndProject
Project("{FAE04EC0-301F-11D3-BF4B-00C04F79EFBC}") = "Tyuiu.AndreevVY.Sprint3.Task3.V15", "Tyuiu.AndreevVY.Sprint3.Task3.V15\Tyuiu.AndreevVY.Sprint3.Task3.V15.csproj", "{9568BF7C-7FD5-45FC-82DB-5FF0AA09EA2F}"
EndProject
Project("{FAE04EC0-301F-11D3-BF4B-00C04F79EFBC}") = "Tyuiu.AndreevVY.Sprint3.Task3.V15.Lib", "Tyuiu.AndreevVY.Sprint3.Task3.V15.Lib\Tyuiu.AndreevVY.Sprint3.Task3.V15.Lib.csproj", "{3CBBFBA3-705D-4843-8856-5CDC010FA901}"
EndProject
Project("{FAE04EC0-301F-11D3-BF4B-00C04F79EFBC}") = "Tyuiu.AndreevVY.Sprint3.Task3.V15.Test", "Tyuiu.AndreevVY.Sprint3.Task3.V15.Test\Tyuiu.AndreevVY.Sprint3.Task3.V15.Test.csproj", "{B6997667-3A61-4A86-A357-8CF92571FDE9}"
EndProject
Project("{2150E333-8FDC-42A3-9474-1A3956D46DE8}") = "Task4", "Task4", "{0D312D25-8482-439C-99A0-472EBF49A01D}"
EndProject
Project("{FAE04EC0-301F-11D3-BF4B-00C04F79EFBC}") = "Tyuiu.AndreevVY.Sprint3.Task4.V30", "Tyuiu.AndreevVY.Sprint3.Task4.V30\Tyuiu.AndreevVY.Sprint3.Task4.V30.csproj", "{30B35397-87C7-4FDE-8524-EC439C895C74}"
EndProject
Project("{FAE04EC0-301F-11D3-BF4B-00C04F79EFBC}") = "Tyuiu.AndreevVY.Sprint3.Task4.V30.Lib", "Tyuiu.AndreevVY.Sprint3.Task4.V30.Lib\Tyuiu.AndreevVY.Sprint3.Task4.V30.Lib.csproj", "{9958904A-D0E5-47BB-A24F-E1449EC67B90}"
EndProject
Project("{FAE04EC0-301F-11D3-BF4B-00C04F79EFBC}") = "Tyuiu.AndreevVY.Sprint3.Task4.V30.Test", "Tyuiu.AndreevVY.Sprint3.Task4.V30.Test\Tyuiu.AndreevVY.Sprint3.Task4.V30.Test.csproj", "{51F9F25C-42F5-40D6-B5A7-265FDC9FEA9A}"
EndProject
Project("{2150E333-8FDC-42A3-9474-1A3956D46DE8}") = "Task5", "Task5", "{738813DC-E6F1-4523-89C3-C7F5D42C280D}"
EndProject
Project("{FAE04EC0-301F-11D3-BF4B-00C04F79EFBC}") = "Tyuiu.AndreevVY.Sprint3.Task5.V4", "Tyuiu.AndreevVY.Sprint3.Task5.V4\Tyuiu.AndreevVY.Sprint3.Task5.V4.csproj", "{1461BEB6-ECF2-4663-AD21-1AC8ED951622}"
EndProject
Project("{FAE04EC0-301F-11D3-BF4B-00C04F79EFBC}") = "Tyuiu.AndreevVY.Sprint3.Task5.V4.Lib", "Tyuiu.AndreevVY.Sprint3.Task5.V4.Lib\Tyuiu.AndreevVY.Sprint3.Task5.V4.Lib.csproj", "{4250B570-2922-46BB-BBE1-CC8D8FDBDFD6}"
EndProject
Project("{FAE04EC0-301F-11D3-BF4B-00C04F79EFBC}") = "Tyuiu.AndreevVY.Sprint3.Task5.V4.Test", "Tyuiu.AndreevVY.Sprint3.Task5.V4.Test\Tyuiu.AndreevVY.Sprint3.Task5.V4.Test.csproj", "{63DE80AE-0DBF-4D0E-8705-482C1DBD3F9D}"
EndProject
Project("{2150E333-8FDC-42A3-9474-1A3956D46DE8}") = "Task6", "Task6", "{0323682A-4C4D-4B8E-9099-9684232FEF55}"
EndProject
Project("{FAE04EC0-301F-11D3-BF4B-00C04F79EFBC}") = "Tyuiu.AndreevVY.Sprint3.Task6.V20", "Tyuiu.AndreevVY.Sprint3.Task6.V20\Tyuiu.AndreevVY.Sprint3.Task6.V20.csproj", "{A9BCA473-190E-49C3-A5F8-A7769FA5EC2C}"
EndProject
Project("{FAE04EC0-301F-11D3-BF4B-00C04F79EFBC}") = "Tyuiu.AndreevVY.Sprint3.Task6.V20.Lib", "Tyuiu.AndreevVY.Sprint3.Task6.V20.Lib\Tyuiu.AndreevVY.Sprint3.Task6.V20.Lib.csproj", "{3615588E-1CC2-43C5-B1A1-0E697A412123}"
EndProject
Project("{FAE04EC0-301F-11D3-BF4B-00C04F79EFBC}") = "Tyuiu.AndreevVY.Sprint3.Task6.V20.Test", "Tyuiu.AndreevVY.Sprint3.Task6.V20.Test\Tyuiu.AndreevVY.Sprint3.Task6.V20.Test.csproj", "{3B611A99-85A8-40A7-8A98-BA37E54AE7BC}"
EndProject
Project("{2150E333-8FDC-42A3-9474-1A3956D46DE8}") = "Task7", "Task7", "{68738E61-1325-4F6B-B48D-680B41190FAA}"
EndProject
Project("{FAE04EC0-301F-11D3-BF4B-00C04F79EFBC}") = "Tyuiu.AndreevVY.Sprint3.Task7.V23", "Tyuiu.AndreevVY.Sprint3.Task7.V6\Tyuiu.AndreevVY.Sprint3.Task7.V23.csproj", "{4C748233-01B3-4B99-959C-C075AD33A50D}"
EndProject
Project("{FAE04EC0-301F-11D3-BF4B-00C04F79EFBC}") = "Tyuiu.AndreevVY.Sprint3.Task7.V23.Lib", "Tyuiu.AndreevVY.Sprint3.Task7.V6.Lib\Tyuiu.AndreevVY.Sprint3.Task7.V23.Lib.csproj", "{3626B4BE-D01A-4B04-97E6-1086F01BB28E}"
EndProject
Project("{FAE04EC0-301F-11D3-BF4B-00C04F79EFBC}") = "Tyuiu.AndreevVY.Sprint3.Task7.V23.Test", "Tyuiu.AndreevVY.Sprint3.Task7.V6.Test\Tyuiu.AndreevVY.Sprint3.Task7.V23.Test.csproj", "{D8B0494F-062E-4FE1-93EA-9E29114621CF}"
EndProject
Global
	GlobalSection(SolutionConfigurationPlatforms) = preSolution
		Debug|Any CPU = Debug|Any CPU
		Release|Any CPU = Release|Any CPU
	EndGlobalSection
	GlobalSection(ProjectConfigurationPlatforms) = postSolution
		{61C67F86-C5EB-4DD8-B9C1-80CF281F1A3A}.Debug|Any CPU.ActiveCfg = Debug|Any CPU
		{61C67F86-C5EB-4DD8-B9C1-80CF281F1A3A}.Debug|Any CPU.Build.0 = Debug|Any CPU
		{61C67F86-C5EB-4DD8-B9C1-80CF281F1A3A}.Release|Any CPU.ActiveCfg = Release|Any CPU
		{61C67F86-C5EB-4DD8-B9C1-80CF281F1A3A}.Release|Any CPU.Build.0 = Release|Any CPU
		{ABE7B26D-E8BE-468B-9FAA-8AD887F348A4}.Debug|Any CPU.ActiveCfg = Debug|Any CPU
		{ABE7B26D-E8BE-468B-9FAA-8AD887F348A4}.Debug|Any CPU.Build.0 = Debug|Any CPU
		{ABE7B26D-E8BE-468B-9FAA-8AD887F348A4}.Release|Any CPU.ActiveCfg = Release|Any CPU
		{ABE7B26D-E8BE-468B-9FAA-8AD887F348A4}.Release|Any CPU.Build.0 = Release|Any CPU
		{44211F84-09E9-4576-9AC1-D4239F65E7D0}.Debug|Any CPU.ActiveCfg = Debug|Any CPU
		{44211F84-09E9-4576-9AC1-D4239F65E7D0}.Debug|Any CPU.Build.0 = Debug|Any CPU
		{44211F84-09E9-4576-9AC1-D4239F65E7D0}.Release|Any CPU.ActiveCfg = Release|Any CPU
		{44211F84-09E9-4576-9AC1-D4239F65E7D0}.Release|Any CPU.Build.0 = Release|Any CPU
		{DFCC304D-073E-444E-BA81-F41D20E25EE2}.Debug|Any CPU.ActiveCfg = Debug|Any CPU
		{DFCC304D-073E-444E-BA81-F41D20E25EE2}.Debug|Any CPU.Build.0 = Debug|Any CPU
		{DFCC304D-073E-444E-BA81-F41D20E25EE2}.Release|Any CPU.ActiveCfg = Release|Any CPU
		{DFCC304D-073E-444E-BA81-F41D20E25EE2}.Release|Any CPU.Build.0 = Release|Any CPU
		{59DD24D1-3451-42DA-821F-F7CB4FF78F7B}.Debug|Any CPU.ActiveCfg = Debug|Any CPU
		{59DD24D1-3451-42DA-821F-F7CB4FF78F7B}.Debug|Any CPU.Build.0 = Debug|Any CPU
		{59DD24D1-3451-42DA-821F-F7CB4FF78F7B}.Release|Any CPU.ActiveCfg = Release|Any CPU
		{59DD24D1-3451-42DA-821F-F7CB4FF78F7B}.Release|Any CPU.Build.0 = Release|Any CPU
		{4741A138-1A76-4C2E-9931-B6CA1FF9013C}.Debug|Any CPU.ActiveCfg = Debug|Any CPU
		{4741A138-1A76-4C2E-9931-B6CA1FF9013C}.Debug|Any CPU.Build.0 = Debug|Any CPU
		{4741A138-1A76-4C2E-9931-B6CA1FF9013C}.Release|Any CPU.ActiveCfg = Release|Any CPU
		{4741A138-1A76-4C2E-9931-B6CA1FF9013C}.Release|Any CPU.Build.0 = Release|Any CPU
		{51685F8B-EB3F-4111-AB81-0EB099336CEE}.Debug|Any CPU.ActiveCfg = Debug|Any CPU
		{51685F8B-EB3F-4111-AB81-0EB099336CEE}.Debug|Any CPU.Build.0 = Debug|Any CPU
		{51685F8B-EB3F-4111-AB81-0EB099336CEE}.Release|Any CPU.ActiveCfg = Release|Any CPU
		{51685F8B-EB3F-4111-AB81-0EB099336CEE}.Release|Any CPU.Build.0 = Release|Any CPU
		{73C7088E-B22A-465A-BD2F-A1EBB9769EC1}.Debug|Any CPU.ActiveCfg = Debug|Any CPU
		{73C7088E-B22A-465A-BD2F-A1EBB9769EC1}.Debug|Any CPU.Build.0 = Debug|Any CPU
		{73C7088E-B22A-465A-BD2F-A1EBB9769EC1}.Release|Any CPU.ActiveCfg = Release|Any CPU
		{73C7088E-B22A-465A-BD2F-A1EBB9769EC1}.Release|Any CPU.Build.0 = Release|Any CPU
		{1E2D7B6D-352A-4127-B1B6-5A31C513AD1B}.Debug|Any CPU.ActiveCfg = Debug|Any CPU
		{1E2D7B6D-352A-4127-B1B6-5A31C513AD1B}.Debug|Any CPU.Build.0 = Debug|Any CPU
		{1E2D7B6D-352A-4127-B1B6-5A31C513AD1B}.Release|Any CPU.ActiveCfg = Release|Any CPU
		{1E2D7B6D-352A-4127-B1B6-5A31C513AD1B}.Release|Any CPU.Build.0 = Release|Any CPU
		{9568BF7C-7FD5-45FC-82DB-5FF0AA09EA2F}.Debug|Any CPU.ActiveCfg = Debug|Any CPU
		{9568BF7C-7FD5-45FC-82DB-5FF0AA09EA2F}.Debug|Any CPU.Build.0 = Debug|Any CPU
		{9568BF7C-7FD5-45FC-82DB-5FF0AA09EA2F}.Release|Any CPU.ActiveCfg = Release|Any CPU
		{9568BF7C-7FD5-45FC-82DB-5FF0AA09EA2F}.Release|Any CPU.Build.0 = Release|Any CPU
		{3CBBFBA3-705D-4843-8856-5CDC010FA901}.Debug|Any CPU.ActiveCfg = Debug|Any CPU
		{3CBBFBA3-705D-4843-8856-5CDC010FA901}.Debug|Any CPU.Build.0 = Debug|Any CPU
		{3CBBFBA3-705D-4843-8856-5CDC010FA901}.Release|Any CPU.ActiveCfg = Release|Any CPU
		{3CBBFBA3-705D-4843-8856-5CDC010FA901}.Release|Any CPU.Build.0 = Release|Any CPU
		{B6997667-3A61-4A86-A357-8CF92571FDE9}.Debug|Any CPU.ActiveCfg = Debug|Any CPU
		{B6997667-3A61-4A86-A357-8CF92571FDE9}.Debug|Any CPU.Build.0 = Debug|Any CPU
		{B6997667-3A61-4A86-A357-8CF92571FDE9}.Release|Any CPU.ActiveCfg = Release|Any CPU
		{B6997667-3A61-4A86-A357-8CF92571FDE9}.Release|Any CPU.Build.0 = Release|Any CPU
		{30B35397-87C7-4FDE-8524-EC439C895C74}.Debug|Any CPU.ActiveCfg = Debug|Any CPU
		{30B35397-87C7-4FDE-8524-EC439C895C74}.Debug|Any CPU.Build.0 = Debug|Any CPU
		{30B35397-87C7-4FDE-8524-EC439C895C74}.Release|Any CPU.ActiveCfg = Release|Any CPU
		{30B35397-87C7-4FDE-8524-EC439C895C74}.Release|Any CPU.Build.0 = Release|Any CPU
		{9958904A-D0E5-47BB-A24F-E1449EC67B90}.Debug|Any CPU.ActiveCfg = Debug|Any CPU
		{9958904A-D0E5-47BB-A24F-E1449EC67B90}.Debug|Any CPU.Build.0 = Debug|Any CPU
		{9958904A-D0E5-47BB-A24F-E1449EC67B90}.Release|Any CPU.ActiveCfg = Release|Any CPU
		{9958904A-D0E5-47BB-A24F-E1449EC67B90}.Release|Any CPU.Build.0 = Release|Any CPU
		{51F9F25C-42F5-40D6-B5A7-265FDC9FEA9A}.Debug|Any CPU.ActiveCfg = Debug|Any CPU
		{51F9F25C-42F5-40D6-B5A7-265FDC9FEA9A}.Debug|Any CPU.Build.0 = Debug|Any CPU
		{51F9F25C-42F5-40D6-B5A7-265FDC9FEA9A}.Release|Any CPU.ActiveCfg = Release|Any CPU
		{51F9F25C-42F5-40D6-B5A7-265FDC9FEA9A}.Release|Any CPU.Build.0 = Release|Any CPU
		{1461BEB6-ECF2-4663-AD21-1AC8ED951622}.Debug|Any CPU.ActiveCfg = Debug|Any CPU
		{1461BEB6-ECF2-4663-AD21-1AC8ED951622}.Debug|Any CPU.Build.0 = Debug|Any CPU
		{1461BEB6-ECF2-4663-AD21-1AC8ED951622}.Release|Any CPU.ActiveCfg = Release|Any CPU
		{1461BEB6-ECF2-4663-AD21-1AC8ED951622}.Release|Any CPU.Build.0 = Release|Any CPU
		{4250B570-2922-46BB-BBE1-CC8D8FDBDFD6}.Debug|Any CPU.ActiveCfg = Debug|Any CPU
		{4250B570-2922-46BB-BBE1-CC8D8FDBDFD6}.Debug|Any CPU.Build.0 = Debug|Any CPU
		{4250B570-2922-46BB-BBE1-CC8D8FDBDFD6}.Release|Any CPU.ActiveCfg = Release|Any CPU
		{4250B570-2922-46BB-BBE1-CC8D8FDBDFD6}.Release|Any CPU.Build.0 = Release|Any CPU
		{63DE80AE-0DBF-4D0E-8705-482C1DBD3F9D}.Debug|Any CPU.ActiveCfg = Debug|Any CPU
		{63DE80AE-0DBF-4D0E-8705-482C1DBD3F9D}.Debug|Any CPU.Build.0 = Debug|Any CPU
		{63DE80AE-0DBF-4D0E-8705-482C1DBD3F9D}.Release|Any CPU.ActiveCfg = Release|Any CPU
		{63DE80AE-0DBF-4D0E-8705-482C1DBD3F9D}.Release|Any CPU.Build.0 = Release|Any CPU
		{A9BCA473-190E-49C3-A5F8-A7769FA5EC2C}.Debug|Any CPU.ActiveCfg = Debug|Any CPU
		{A9BCA473-190E-49C3-A5F8-A7769FA5EC2C}.Debug|Any CPU.Build.0 = Debug|Any CPU
		{A9BCA473-190E-49C3-A5F8-A7769FA5EC2C}.Release|Any CPU.ActiveCfg = Release|Any CPU
		{A9BCA473-190E-49C3-A5F8-A7769FA5EC2C}.Release|Any CPU.Build.0 = Release|Any CPU
		{3615588E-1CC2-43C5-B1A1-0E697A412123}.Debug|Any CPU.ActiveCfg = Debug|Any CPU
		{3615588E-1CC2-43C5-B1A1-0E697A412123}.Debug|Any CPU.Build.0 = Debug|Any CPU
		{3615588E-1CC2-43C5-B1A1-0E697A412123}.Release|Any CPU.ActiveCfg = Release|Any CPU
		{3615588E-1CC2-43C5-B1A1-0E697A412123}.Release|Any CPU.Build.0 = Release|Any CPU
		{3B611A99-85A8-40A7-8A98-BA37E54AE7BC}.Debug|Any CPU.ActiveCfg = Debug|Any CPU
		{3B611A99-85A8-40A7-8A98-BA37E54AE7BC}.Debug|Any CPU.Build.0 = Debug|Any CPU
		{3B611A99-85A8-40A7-8A98-BA37E54AE7BC}.Release|Any CPU.ActiveCfg = Release|Any CPU
		{3B611A99-85A8-40A7-8A98-BA37E54AE7BC}.Release|Any CPU.Build.0 = Release|Any CPU
		{4C748233-01B3-4B99-959C-C075AD33A50D}.Debug|Any CPU.ActiveCfg = Debug|Any CPU
		{4C748233-01B3-4B99-959C-C075AD33A50D}.Debug|Any CPU.Build.0 = Debug|Any CPU
		{4C748233-01B3-4B99-959C-C075AD33A50D}.Release|Any CPU.ActiveCfg = Release|Any CPU
		{4C748233-01B3-4B99-959C-C075AD33A50D}.Release|Any CPU.Build.0 = Release|Any CPU
		{3626B4BE-D01A-4B04-97E6-1086F01BB28E}.Debug|Any CPU.ActiveCfg = Debug|Any CPU
		{3626B4BE-D01A-4B04-97E6-1086F01BB28E}.Debug|Any CPU.Build.0 = Debug|Any CPU
		{3626B4BE-D01A-4B04-97E6-1086F01BB28E}.Release|Any CPU.ActiveCfg = Release|Any CPU
		{3626B4BE-D01A-4B04-97E6-1086F01BB28E}.Release|Any CPU.Build.0 = Release|Any CPU
		{D8B0494F-062E-4FE1-93EA-9E29114621CF}.Debug|Any CPU.ActiveCfg = Debug|Any CPU
		{D8B0494F-062E-4FE1-93EA-9E29114621CF}.Debug|Any CPU.Build.0 = Debug|Any CPU
		{D8B0494F-062E-4FE1-93EA-9E29114621CF}.Release|Any CPU.ActiveCfg = Release|Any CPU
		{D8B0494F-062E-4FE1-93EA-9E29114621CF}.Release|Any CPU.Build.0 = Release|Any CPU
	EndGlobalSection
	GlobalSection(SolutionProperties) = preSolution
		HideSolutionNode = FALSE
	EndGlobalSection
	GlobalSection(NestedProjects) = preSolution
		{61C67F86-C5EB-4DD8-B9C1-80CF281F1A3A} = {D4B05B0D-9466-4568-921A-4027E44CFDE8}
		{ABE7B26D-E8BE-468B-9FAA-8AD887F348A4} = {D4B05B0D-9466-4568-921A-4027E44CFDE8}
		{44211F84-09E9-4576-9AC1-D4239F65E7D0} = {D4B05B0D-9466-4568-921A-4027E44CFDE8}
		{DFCC304D-073E-444E-BA81-F41D20E25EE2} = {073D5C09-9FF3-4D35-B9A9-DDD50E23593F}
		{59DD24D1-3451-42DA-821F-F7CB4FF78F7B} = {073D5C09-9FF3-4D35-B9A9-DDD50E23593F}
		{4741A138-1A76-4C2E-9931-B6CA1FF9013C} = {073D5C09-9FF3-4D35-B9A9-DDD50E23593F}
		{51685F8B-EB3F-4111-AB81-0EB099336CEE} = {26913574-C287-4DB1-B4E8-2F0A677039EE}
		{73C7088E-B22A-465A-BD2F-A1EBB9769EC1} = {26913574-C287-4DB1-B4E8-2F0A677039EE}
		{1E2D7B6D-352A-4127-B1B6-5A31C513AD1B} = {26913574-C287-4DB1-B4E8-2F0A677039EE}
		{9568BF7C-7FD5-45FC-82DB-5FF0AA09EA2F} = {F06441C7-C621-43F7-B9EB-2ECA7EE7F554}
		{3CBBFBA3-705D-4843-8856-5CDC010FA901} = {F06441C7-C621-43F7-B9EB-2ECA7EE7F554}
		{B6997667-3A61-4A86-A357-8CF92571FDE9} = {F06441C7-C621-43F7-B9EB-2ECA7EE7F554}
		{30B35397-87C7-4FDE-8524-EC439C895C74} = {0D312D25-8482-439C-99A0-472EBF49A01D}
		{9958904A-D0E5-47BB-A24F-E1449EC67B90} = {0D312D25-8482-439C-99A0-472EBF49A01D}
		{51F9F25C-42F5-40D6-B5A7-265FDC9FEA9A} = {0D312D25-8482-439C-99A0-472EBF49A01D}
		{1461BEB6-ECF2-4663-AD21-1AC8ED951622} = {738813DC-E6F1-4523-89C3-C7F5D42C280D}
		{4250B570-2922-46BB-BBE1-CC8D8FDBDFD6} = {738813DC-E6F1-4523-89C3-C7F5D42C280D}
		{63DE80AE-0DBF-4D0E-8705-482C1DBD3F9D} = {738813DC-E6F1-4523-89C3-C7F5D42C280D}
		{A9BCA473-190E-49C3-A5F8-A7769FA5EC2C} = {0323682A-4C4D-4B8E-9099-9684232FEF55}
		{3615588E-1CC2-43C5-B1A1-0E697A412123} = {0323682A-4C4D-4B8E-9099-9684232FEF55}
		{3B611A99-85A8-40A7-8A98-BA37E54AE7BC} = {0323682A-4C4D-4B8E-9099-9684232FEF55}
		{4C748233-01B3-4B99-959C-C075AD33A50D} = {68738E61-1325-4F6B-B48D-680B41190FAA}
		{3626B4BE-D01A-4B04-97E6-1086F01BB28E} = {68738E61-1325-4F6B-B48D-680B41190FAA}
		{D8B0494F-062E-4FE1-93EA-9E29114621CF} = {68738E61-1325-4F6B-B48D-680B41190FAA}
	EndGlobalSection
	GlobalSection(ExtensibilityGlobals) = postSolution
		SolutionGuid = {D65D386F-9B1C-4C3D-8330-A3A579065E1B}
	EndGlobalSection
EndGlobal
